
Microsoft Visual Studio Solution File, Format Version 12.00
# Visual Studio Version 17
VisualStudioVersion = 17.4.33110.190
MinimumVisualStudioVersion = 10.0.40219.1
Project("{FAE04EC0-301F-11D3-BF4B-00C04F79EFBC}") = "JogoMemoria", "JogoMemoria\JogoMemoria.csproj", "{3FCAF22A-ADAF-43BB-BE7E-BB4918C61FDE}"
EndProject
Global
	GlobalSection(SolutionConfigurationPlatforms) = preSolution
		Debug|Any CPU = Debug|Any CPU
		Release|Any CPU = Release|Any CPU
	EndGlobalSection
	GlobalSection(ProjectConfigurationPlatforms) = postSolution
		{3FCAF22A-ADAF-43BB-BE7E-BB4918C61FDE}.Debug|Any CPU.ActiveCfg = Debug|Any CPU
		{3FCAF22A-ADAF-43BB-BE7E-BB4918C61FDE}.Debug|Any CPU.Build.0 = Debug|Any CPU
		{3FCAF22A-ADAF-43BB-BE7E-BB4918C61FDE}.Release|Any CPU.ActiveCfg = Release|Any CPU
		{3FCAF22A-ADAF-43BB-BE7E-BB4918C61FDE}.Release|Any CPU.Build.0 = Release|Any CPU
	EndGlobalSection
	GlobalSection(SolutionProperties) = preSolution
		HideSolutionNode = FALSE
	EndGlobalSection
	GlobalSection(ExtensibilityGlobals) = postSolution
		SolutionGuid = {90C0DC1F-C996-45D9-884B-07511C82810F}
	EndGlobalSection
EndGlobal
